
Microsoft Visual Studio Solution File, Format Version 12.00
# Visual Studio Version 16
VisualStudioVersion = 16.0.32002.261
MinimumVisualStudioVersion = 10.0.40219.1
Project("{8BC9CEB8-8B4A-11D0-8D11-00A0C91BC942}") = "cvip", "vcproject\cvip.vcxproj", "{2E999595-36D8-484A-982E-068CF30F1C52}"
EndProject
Project("{8BC9CEB8-8B4A-11D0-8D11-00A0C91BC942}") = "cvip-test", "vcproject\cvip-test.vcxproj", "{A2C23586-5008-488B-8FA5-A577B98C1DE9}"
EndProject
Project("{8BC9CEB8-8B4A-11D0-8D11-00A0C91BC942}") = "cvip_t", "vcproject\cvip_t.vcxproj", "{E933A3E3-0626-41F2-8BF3-B4C96C6105FC}"
EndProject
Global
	GlobalSection(SolutionConfigurationPlatforms) = preSolution
		Debug|x64 = Debug|x64
		Debug|x86 = Debug|x86
		Release|x64 = Release|x64
		Release|x86 = Release|x86
	EndGlobalSection
	GlobalSection(ProjectConfigurationPlatforms) = postSolution
		{2E999595-36D8-484A-982E-068CF30F1C52}.Debug|x64.ActiveCfg = Debug|x64
		{2E999595-36D8-484A-982E-068CF30F1C52}.Debug|x64.Build.0 = Debug|x64
		{2E999595-36D8-484A-982E-068CF30F1C52}.Debug|x86.ActiveCfg = Debug|Win32
		{2E999595-36D8-484A-982E-068CF30F1C52}.Debug|x86.Build.0 = Debug|Win32
		{2E999595-36D8-484A-982E-068CF30F1C52}.Release|x64.ActiveCfg = Release|x64
		{2E999595-36D8-484A-982E-068CF30F1C52}.Release|x64.Build.0 = Release|x64
		{2E999595-36D8-484A-982E-068CF30F1C52}.Release|x86.ActiveCfg = Release|Win32
		{2E999595-36D8-484A-982E-068CF30F1C52}.Release|x86.Build.0 = Release|Win32
		{A2C23586-5008-488B-8FA5-A577B98C1DE9}.Debug|x64.ActiveCfg = Debug|x64
		{A2C23586-5008-488B-8FA5-A577B98C1DE9}.Debug|x64.Build.0 = Debug|x64
		{A2C23586-5008-488B-8FA5-A577B98C1DE9}.Debug|x86.ActiveCfg = Debug|Win32
		{A2C23586-5008-488B-8FA5-A577B98C1DE9}.Debug|x86.Build.0 = Debug|Win32
		{A2C23586-5008-488B-8FA5-A577B98C1DE9}.Release|x64.ActiveCfg = Release|x64
		{A2C23586-5008-488B-8FA5-A577B98C1DE9}.Release|x64.Build.0 = Release|x64
		{A2C23586-5008-488B-8FA5-A577B98C1DE9}.Release|x86.ActiveCfg = Release|Win32
		{A2C23586-5008-488B-8FA5-A577B98C1DE9}.Release|x86.Build.0 = Release|Win32
		{E933A3E3-0626-41F2-8BF3-B4C96C6105FC}.Debug|x64.ActiveCfg = Debug|x64
		{E933A3E3-0626-41F2-8BF3-B4C96C6105FC}.Debug|x64.Build.0 = Debug|x64
		{E933A3E3-0626-41F2-8BF3-B4C96C6105FC}.Debug|x86.ActiveCfg = Debug|Win32
		{E933A3E3-0626-41F2-8BF3-B4C96C6105FC}.Debug|x86.Build.0 = Debug|Win32
		{E933A3E3-0626-41F2-8BF3-B4C96C6105FC}.Release|x64.ActiveCfg = Release|x64
		{E933A3E3-0626-41F2-8BF3-B4C96C6105FC}.Release|x64.Build.0 = Release|x64
		{E933A3E3-0626-41F2-8BF3-B4C96C6105FC}.Release|x86.ActiveCfg = Release|Win32
		{E933A3E3-0626-41F2-8BF3-B4C96C6105FC}.Release|x86.Build.0 = Release|Win32
	EndGlobalSection
	GlobalSection(SolutionProperties) = preSolution
		HideSolutionNode = FALSE
	EndGlobalSection
	GlobalSection(ExtensibilityGlobals) = postSolution
		SolutionGuid = {04BBBDC4-272C-429E-891A-F0DCD894B21F}
	EndGlobalSection
EndGlobal
